// !$*UTF8*$!
{
	archiveVersion = 1;
	classes = {
	};
	objectVersion = 56;
	objects = {

/* Begin PBXBuildFile section */
		B8E747C229D05AB700A50A3A /* swiftui_pokemon_app_mvvmApp.swift in Sources */ = {isa = PBXBuildFile; fileRef = B8E747C129D05AB700A50A3A /* swiftui_pokemon_app_mvvmApp.swift */; };
		B8E747C429D05AB700A50A3A /* PokemonListView.swift in Sources */ = {isa = PBXBuildFile; fileRef = B8E747C329D05AB700A50A3A /* PokemonListView.swift */; };
		B8E747C629D05AB800A50A3A /* Assets.xcassets in Resources */ = {isa = PBXBuildFile; fileRef = B8E747C529D05AB800A50A3A /* Assets.xcassets */; };
		B8E747C929D05AB800A50A3A /* Preview Assets.xcassets in Resources */ = {isa = PBXBuildFile; fileRef = B8E747C829D05AB800A50A3A /* Preview Assets.xcassets */; };
		B8E747D129D05B2700A50A3A /* pokemon.json in Resources */ = {isa = PBXBuildFile; fileRef = B8E747D029D05B2700A50A3A /* pokemon.json */; };
		B8E747D429D05BC500A50A3A /* Helpers.swift in Sources */ = {isa = PBXBuildFile; fileRef = B8E747D329D05BC500A50A3A /* Helpers.swift */; };
		B8E747D729D05EBB00A50A3A /* PokemonModel.swift in Sources */ = {isa = PBXBuildFile; fileRef = B8E747D629D05EBB00A50A3A /* PokemonModel.swift */; };
		B8E747DA29D0608F00A50A3A /* ViewModel.swift in Sources */ = {isa = PBXBuildFile; fileRef = B8E747D929D0608F00A50A3A /* ViewModel.swift */; };
		B8E747DD29D060E600A50A3A /* PokemonManager.swift in Sources */ = {isa = PBXBuildFile; fileRef = B8E747DC29D060E600A50A3A /* PokemonManager.swift */; };
		B8E747E029D06E5400A50A3A /* PokemonDetailView.swift in Sources */ = {isa = PBXBuildFile; fileRef = B8E747DF29D06E5400A50A3A /* PokemonDetailView.swift */; };
		B8E747E329D0728200A50A3A /* PokemonView.swift in Sources */ = {isa = PBXBuildFile; fileRef = B8E747E229D0728200A50A3A /* PokemonView.swift */; };
/* End PBXBuildFile section */

/* Begin PBXFileReference section */
		B8E747BE29D05AB700A50A3A /* swiftui-pokemon-app-mvvm.app */ = {isa = PBXFileReference; explicitFileType = wrapper.application; includeInIndex = 0; path = "swiftui-pokemon-app-mvvm.app"; sourceTree = BUILT_PRODUCTS_DIR; };
		B8E747C129D05AB700A50A3A /* swiftui_pokemon_app_mvvmApp.swift */ = {isa = PBXFileReference; lastKnownFileType = sourcecode.swift; path = swiftui_pokemon_app_mvvmApp.swift; sourceTree = "<group>"; };
		B8E747C329D05AB700A50A3A /* PokemonListView.swift */ = {isa = PBXFileReference; lastKnownFileType = sourcecode.swift; path = PokemonListView.swift; sourceTree = "<group>"; };
		B8E747C529D05AB800A50A3A /* Assets.xcassets */ = {isa = PBXFileReference; lastKnownFileType = folder.assetcatalog; path = Assets.xcassets; sourceTree = "<group>"; };
		B8E747C829D05AB800A50A3A /* Preview Assets.xcassets */ = {isa = PBXFileReference; lastKnownFileType = folder.assetcatalog; path = "Preview Assets.xcassets"; sourceTree = "<group>"; };
		B8E747D029D05B2700A50A3A /* pokemon.json */ = {isa = PBXFileReference; lastKnownFileType = text.json; path = pokemon.json; sourceTree = "<group>"; };
		B8E747D329D05BC500A50A3A /* Helpers.swift */ = {isa = PBXFileReference; lastKnownFileType = sourcecode.swift; path = Helpers.swift; sourceTree = "<group>"; };
		B8E747D629D05EBB00A50A3A /* PokemonModel.swift */ = {isa = PBXFileReference; lastKnownFileType = sourcecode.swift; path = PokemonModel.swift; sourceTree = "<group>"; };
		B8E747D929D0608F00A50A3A /* ViewModel.swift */ = {isa = PBXFileReference; lastKnownFileType = sourcecode.swift; path = ViewModel.swift; sourceTree = "<group>"; };
		B8E747DC29D060E600A50A3A /* PokemonManager.swift */ = {isa = PBXFileReference; lastKnownFileType = sourcecode.swift; path = PokemonManager.swift; sourceTree = "<group>"; };
		B8E747DF29D06E5400A50A3A /* PokemonDetailView.swift */ = {isa = PBXFileReference; lastKnownFileType = sourcecode.swift; path = PokemonDetailView.swift; sourceTree = "<group>"; };
		B8E747E229D0728200A50A3A /* PokemonView.swift */ = {isa = PBXFileReference; lastKnownFileType = sourcecode.swift; path = PokemonView.swift; sourceTree = "<group>"; };
/* End PBXFileReference section */

/* Begin PBXFrameworksBuildPhase section */
		B8E747BB29D05AB700A50A3A /* Frameworks */ = {
			isa = PBXFrameworksBuildPhase;
			buildActionMask = 2147483647;
			files = (
			);
			runOnlyForDeploymentPostprocessing = 0;
		};
/* End PBXFrameworksBuildPhase section */

/* Begin PBXGroup section */
		B8E747B529D05AB700A50A3A = {
			isa = PBXGroup;
			children = (
				B8E747C029D05AB700A50A3A /* swiftui-pokemon-app-mvvm */,
				B8E747BF29D05AB700A50A3A /* Products */,
			);
			sourceTree = "<group>";
		};
		B8E747BF29D05AB700A50A3A /* Products */ = {
			isa = PBXGroup;
			children = (
				B8E747BE29D05AB700A50A3A /* swiftui-pokemon-app-mvvm.app */,
			);
			name = Products;
			sourceTree = "<group>";
		};
		B8E747C029D05AB700A50A3A /* swiftui-pokemon-app-mvvm */ = {
			isa = PBXGroup;
			children = (
				B8E747C129D05AB700A50A3A /* swiftui_pokemon_app_mvvmApp.swift */,
				B8E747D529D05E9B00A50A3A /* Models */,
				B8E747DE29D06D7D00A50A3A /* Views */,
				B8E747D829D0607700A50A3A /* ViewModels */,
				B8E747D229D05BA700A50A3A /* Helpers */,
				B8E747DB29D060B900A50A3A /* Managers */,
				B8E747CF29D05B0700A50A3A /* Data */,
				B8E747C529D05AB800A50A3A /* Assets.xcassets */,
				B8E747C729D05AB800A50A3A /* Preview Content */,
			);
			path = "swiftui-pokemon-app-mvvm";
			sourceTree = "<group>";
		};
		B8E747C729D05AB800A50A3A /* Preview Content */ = {
			isa = PBXGroup;
			children = (
				B8E747C829D05AB800A50A3A /* Preview Assets.xcassets */,
			);
			path = "Preview Content";
			sourceTree = "<group>";
		};
		B8E747CF29D05B0700A50A3A /* Data */ = {
			isa = PBXGroup;
			children = (
				B8E747D029D05B2700A50A3A /* pokemon.json */,
			);
			path = Data;
			sourceTree = "<group>";
		};
		B8E747D229D05BA700A50A3A /* Helpers */ = {
			isa = PBXGroup;
			children = (
				B8E747D329D05BC500A50A3A /* Helpers.swift */,
			);
			path = Helpers;
			sourceTree = "<group>";
		};
		B8E747D529D05E9B00A50A3A /* Models */ = {
			isa = PBXGroup;
			children = (
				B8E747D629D05EBB00A50A3A /* PokemonModel.swift */,
			);
			path = Models;
			sourceTree = "<group>";
		};
		B8E747D829D0607700A50A3A /* ViewModels */ = {
			isa = PBXGroup;
			children = (
				B8E747D929D0608F00A50A3A /* ViewModel.swift */,
			);
			path = ViewModels;
			sourceTree = "<group>";
		};
		B8E747DB29D060B900A50A3A /* Managers */ = {
			isa = PBXGroup;
			children = (
				B8E747DC29D060E600A50A3A /* PokemonManager.swift */,
			);
			path = Managers;
			sourceTree = "<group>";
		};
		B8E747DE29D06D7D00A50A3A /* Views */ = {
			isa = PBXGroup;
			children = (
				B8E747C329D05AB700A50A3A /* PokemonListView.swift */,
				B8E747DF29D06E5400A50A3A /* PokemonDetailView.swift */,
				B8E747E229D0728200A50A3A /* PokemonView.swift */,
			);
			path = Views;
			sourceTree = "<group>";
		};
/* End PBXGroup section */

/* Begin PBXNativeTarget section */
		B8E747BD29D05AB700A50A3A /* swiftui-pokemon-app-mvvm */ = {
			isa = PBXNativeTarget;
			buildConfigurationList = B8E747CC29D05AB800A50A3A /* Build configuration list for PBXNativeTarget "swiftui-pokemon-app-mvvm" */;
			buildPhases = (
				B8E747BA29D05AB700A50A3A /* Sources */,
				B8E747BB29D05AB700A50A3A /* Frameworks */,
				B8E747BC29D05AB700A50A3A /* Resources */,
			);
			buildRules = (
			);
			dependencies = (
			);
			name = "swiftui-pokemon-app-mvvm";
			productName = "swiftui-pokemon-app-mvvm";
			productReference = B8E747BE29D05AB700A50A3A /* swiftui-pokemon-app-mvvm.app */;
			productType = "com.apple.product-type.application";
		};
/* End PBXNativeTarget section */

/* Begin PBXProject section */
		B8E747B629D05AB700A50A3A /* Project object */ = {
			isa = PBXProject;
			attributes = {
				BuildIndependentTargetsInParallel = 1;
				LastSwiftUpdateCheck = 1420;
				LastUpgradeCheck = 1420;
				TargetAttributes = {
					B8E747BD29D05AB700A50A3A = {
						CreatedOnToolsVersion = 14.2;
					};
				};
			};
			buildConfigurationList = B8E747B929D05AB700A50A3A /* Build configuration list for PBXProject "swiftui-pokemon-app-mvvm" */;
			compatibilityVersion = "Xcode 14.0";
			developmentRegion = en;
			hasScannedForEncodings = 0;
			knownRegions = (
				en,
				Base,
			);
			mainGroup = B8E747B529D05AB700A50A3A;
			productRefGroup = B8E747BF29D05AB700A50A3A /* Products */;
			projectDirPath = "";
			projectRoot = "";
			targets = (
				B8E747BD29D05AB700A50A3A /* swiftui-pokemon-app-mvvm */,
			);
		};
/* End PBXProject section */

/* Begin PBXResourcesBuildPhase section */
		B8E747BC29D05AB700A50A3A /* Resources */ = {
			isa = PBXResourcesBuildPhase;
			buildActionMask = 2147483647;
			files = (
				B8E747C929D05AB800A50A3A /* Preview Assets.xcassets in Resources */,
				B8E747D129D05B2700A50A3A /* pokemon.json in Resources */,
				B8E747C629D05AB800A50A3A /* Assets.xcassets in Resources */,
			);
			runOnlyForDeploymentPostprocessing = 0;
		};
/* End PBXResourcesBuildPhase section */

/* Begin PBXSourcesBuildPhase section */
		B8E747BA29D05AB700A50A3A /* Sources */ = {
			isa = PBXSourcesBuildPhase;
			buildActionMask = 2147483647;
			files = (
				B8E747E329D0728200A50A3A /* PokemonView.swift in Sources */,
				B8E747DA29D0608F00A50A3A /* ViewModel.swift in Sources */,
				B8E747DD29D060E600A50A3A /* PokemonManager.swift in Sources */,
				B8E747C429D05AB700A50A3A /* PokemonListView.swift in Sources */,
				B8E747D429D05BC500A50A3A /* Helpers.swift in Sources */,
				B8E747C229D05AB700A50A3A /* swiftui_pokemon_app_mvvmApp.swift in Sources */,
				B8E747E029D06E5400A50A3A /* PokemonDetailView.swift in Sources */,
				B8E747D729D05EBB00A50A3A /* PokemonModel.swift in Sources */,
			);
			runOnlyForDeploymentPostprocessing = 0;
		};
/* End PBXSourcesBuildPhase section */

/* Begin XCBuildConfiguration section */
		B8E747CA29D05AB800A50A3A /* Debug */ = {
			isa = XCBuildConfiguration;
			buildSettings = {
				ALWAYS_SEARCH_USER_PATHS = NO;
				CLANG_ANALYZER_NONNULL = YES;
				CLANG_ANALYZER_NUMBER_OBJECT_CONVERSION = YES_AGGRESSIVE;
				CLANG_CXX_LANGUAGE_STANDARD = "gnu++20";
				CLANG_ENABLE_MODULES = YES;
				CLANG_ENABLE_OBJC_ARC = YES;
				CLANG_ENABLE_OBJC_WEAK = YES;
				CLANG_WARN_BLOCK_CAPTURE_AUTORELEASING = YES;
				CLANG_WARN_BOOL_CONVERSION = YES;
				CLANG_WARN_COMMA = YES;
				CLANG_WARN_CONSTANT_CONVERSION = YES;
				CLANG_WARN_DEPRECATED_OBJC_IMPLEMENTATIONS = YES;
				CLANG_WARN_DIRECT_OBJC_ISA_USAGE = YES_ERROR;
				CLANG_WARN_DOCUMENTATION_COMMENTS = YES;
				CLANG_WARN_EMPTY_BODY = YES;
				CLANG_WARN_ENUM_CONVERSION = YES;
				CLANG_WARN_INFINITE_RECURSION = YES;
				CLANG_WARN_INT_CONVERSION = YES;
				CLANG_WARN_NON_LITERAL_NULL_CONVERSION = YES;
				CLANG_WARN_OBJC_IMPLICIT_RETAIN_SELF = YES;
				CLANG_WARN_OBJC_LITERAL_CONVERSION = YES;
				CLANG_WARN_OBJC_ROOT_CLASS = YES_ERROR;
				CLANG_WARN_QUOTED_INCLUDE_IN_FRAMEWORK_HEADER = YES;
				CLANG_WARN_RANGE_LOOP_ANALYSIS = YES;
				CLANG_WARN_STRICT_PROTOTYPES = YES;
				CLANG_WARN_SUSPICIOUS_MOVE = YES;
				CLANG_WARN_UNGUARDED_AVAILABILITY = YES_AGGRESSIVE;
				CLANG_WARN_UNREACHABLE_CODE = YES;
				CLANG_WARN__DUPLICATE_METHOD_MATCH = YES;
				COPY_PHASE_STRIP = NO;
				DEBUG_INFORMATION_FORMAT = dwarf;
				ENABLE_STRICT_OBJC_MSGSEND = YES;
				ENABLE_TESTABILITY = YES;
				GCC_C_LANGUAGE_STANDARD = gnu11;
				GCC_DYNAMIC_NO_PIC = NO;
				GCC_NO_COMMON_BLOCKS = YES;
				GCC_OPTIMIZATION_LEVEL = 0;
				GCC_PREPROCESSOR_DEFINITIONS = (
					"DEBUG=1",
					"$(inherited)",
				);
				GCC_WARN_64_TO_32_BIT_CONVERSION = YES;
				GCC_WARN_ABOUT_RETURN_TYPE = YES_ERROR;
				GCC_WARN_UNDECLARED_SELECTOR = YES;
				GCC_WARN_UNINITIALIZED_AUTOS = YES_AGGRESSIVE;
				GCC_WARN_UNUSED_FUNCTION = YES;
				GCC_WARN_UNUSED_VARIABLE = YES;
				IPHONEOS_DEPLOYMENT_TARGET = 16.2;
				MTL_ENABLE_DEBUG_INFO = INCLUDE_SOURCE;
				MTL_FAST_MATH = YES;
				ONLY_ACTIVE_ARCH = YES;
				SDKROOT = iphoneos;
				SWIFT_ACTIVE_COMPILATION_CONDITIONS = DEBUG;
				SWIFT_OPTIMIZATION_LEVEL = "-Onone";
			};
			name = Debug;
		};
		B8E747CB29D05AB800A50A3A /* Release */ = {
			isa = XCBuildConfiguration;
			buildSettings = {
				ALWAYS_SEARCH_USER_PATHS = NO;
				CLANG_ANALYZER_NONNULL = YES;
				CLANG_ANALYZER_NUMBER_OBJECT_CONVERSION = YES_AGGRESSIVE;
				CLANG_CXX_LANGUAGE_STANDARD = "gnu++20";
				CLANG_ENABLE_MODULES = YES;
				CLANG_ENABLE_OBJC_ARC = YES;
				CLANG_ENABLE_OBJC_WEAK = YES;
				CLANG_WARN_BLOCK_CAPTURE_AUTORELEASING = YES;
				CLANG_WARN_BOOL_CONVERSION = YES;
				CLANG_WARN_COMMA = YES;
				CLANG_WARN_CONSTANT_CONVERSION = YES;
				CLANG_WARN_DEPRECATED_OBJC_IMPLEMENTATIONS = YES;
				CLANG_WARN_DIRECT_OBJC_ISA_USAGE = YES_ERROR;
				CLANG_WARN_DOCUMENTATION_COMMENTS = YES;
				CLANG_WARN_EMPTY_BODY = YES;
				CLANG_WARN_ENUM_CONVERSION = YES;
				CLANG_WARN_INFINITE_RECURSION = YES;
				CLANG_WARN_INT_CONVERSION = YES;
				CLANG_WARN_NON_LITERAL_NULL_CONVERSION = YES;
				CLANG_WARN_OBJC_IMPLICIT_RETAIN_SELF = YES;
				CLANG_WARN_OBJC_LITERAL_CONVERSION = YES;
				CLANG_WARN_OBJC_ROOT_CLASS = YES_ERROR;
				CLANG_WARN_QUOTED_INCLUDE_IN_FRAMEWORK_HEADER = YES;
				CLANG_WARN_RANGE_LOOP_ANALYSIS = YES;
				CLANG_WARN_STRICT_PROTOTYPES = YES;
				CLANG_WARN_SUSPICIOUS_MOVE = YES;
				CLANG_WARN_UNGUARDED_AVAILABILITY = YES_AGGRESSIVE;
				CLANG_WARN_UNREACHABLE_CODE = YES;
				CLANG_WARN__DUPLICATE_METHOD_MATCH = YES;
				COPY_PHASE_STRIP = NO;
				DEBUG_INFORMATION_FORMAT = "dwarf-with-dsym";
				ENABLE_NS_ASSERTIONS = NO;
				ENABLE_STRICT_OBJC_MSGSEND = YES;
				GCC_C_LANGUAGE_STANDARD = gnu11;
				GCC_NO_COMMON_BLOCKS = YES;
				GCC_WARN_64_TO_32_BIT_CONVERSION = YES;
				GCC_WARN_ABOUT_RETURN_TYPE = YES_ERROR;
				GCC_WARN_UNDECLARED_SELECTOR = YES;
				GCC_WARN_UNINITIALIZED_AUTOS = YES_AGGRESSIVE;
				GCC_WARN_UNUSED_FUNCTION = YES;
				GCC_WARN_UNUSED_VARIABLE = YES;
				IPHONEOS_DEPLOYMENT_TARGET = 16.2;
				MTL_ENABLE_DEBUG_INFO = NO;
				MTL_FAST_MATH = YES;
				SDKROOT = iphoneos;
				SWIFT_COMPILATION_MODE = wholemodule;
				SWIFT_OPTIMIZATION_LEVEL = "-O";
				VALIDATE_PRODUCT = YES;
			};
			name = Release;
		};
		B8E747CD29D05AB800A50A3A /* Debug */ = {
			isa = XCBuildConfiguration;
			buildSettings = {
				ASSETCATALOG_COMPILER_APPICON_NAME = AppIcon;
				ASSETCATALOG_COMPILER_GLOBAL_ACCENT_COLOR_NAME = AccentColor;
				CODE_SIGN_STYLE = Automatic;
				CURRENT_PROJECT_VERSION = 1;
				DEVELOPMENT_ASSET_PATHS = "\"swiftui-pokemon-app-mvvm/Preview Content\"";
				DEVELOPMENT_TEAM = 33C8DF7758;
				ENABLE_PREVIEWS = YES;
				GENERATE_INFOPLIST_FILE = YES;
				INFOPLIST_KEY_UIApplicationSceneManifest_Generation = YES;
				INFOPLIST_KEY_UIApplicationSupportsIndirectInputEvents = YES;
				INFOPLIST_KEY_UILaunchScreen_Generation = YES;
				INFOPLIST_KEY_UISupportedInterfaceOrientations_iPad = "UIInterfaceOrientationPortrait UIInterfaceOrientationPortraitUpsideDown UIInterfaceOrientationLandscapeLeft UIInterfaceOrientationLandscapeRight";
				INFOPLIST_KEY_UISupportedInterfaceOrientations_iPhone = "UIInterfaceOrientationPortrait UIInterfaceOrientationLandscapeLeft UIInterfaceOrientationLandscapeRight";
				LD_RUNPATH_SEARCH_PATHS = (
					"$(inherited)",
					"@executable_path/Frameworks",
				);
				MARKETING_VERSION = 1.0;
				PRODUCT_BUNDLE_IDENTIFIER = "com.ceyhunlog.swiftui-pokemon-app-mvvm";
				PRODUCT_NAME = "$(TARGET_NAME)";
				SWIFT_EMIT_LOC_STRINGS = YES;
				SWIFT_VERSION = 5.0;
				TARGETED_DEVICE_FAMILY = "1,2";
			};
			name = Debug;
		};
		B8E747CE29D05AB800A50A3A /* Release */ = {
			isa = XCBuildConfiguration;
			buildSettings = {
				ASSETCATALOG_COMPILER_APPICON_NAME = AppIcon;
				ASSETCATALOG_COMPILER_GLOBAL_ACCENT_COLOR_NAME = AccentColor;
				CODE_SIGN_STYLE = Automatic;
				CURRENT_PROJECT_VERSION = 1;
				DEVELOPMENT_ASSET_PATHS = "\"swiftui-pokemon-app-mvvm/Preview Content\"";
				DEVELOPMENT_TEAM = 33C8DF7758;
				ENABLE_PREVIEWS = YES;
				GENERATE_INFOPLIST_FILE = YES;
				INFOPLIST_KEY_UIApplicationSceneManifest_Generation = YES;
				INFOPLIST_KEY_UIApplicationSupportsIndirectInputEvents = YES;
				INFOPLIST_KEY_UILaunchScreen_Generation = YES;
				INFOPLIST_KEY_UISupportedInterfaceOrientations_iPad = "UIInterfaceOrientationPortrait UIInterfaceOrientationPortraitUpsideDown UIInterfaceOrientationLandscapeLeft UIInterfaceOrientationLandscapeRight";
				INFOPLIST_KEY_UISupportedInterfaceOrientations_iPhone = "UIInterfaceOrientationPortrait UIInterfaceOrientationLandscapeLeft UIInterfaceOrientationLandscapeRight";
				LD_RUNPATH_SEARCH_PATHS = (
					"$(inherited)",
					"@executable_path/Frameworks",
				);
				MARKETING_VERSION = 1.0;
				PRODUCT_BUNDLE_IDENTIFIER = "com.ceyhunlog.swiftui-pokemon-app-mvvm";
				PRODUCT_NAME = "$(TARGET_NAME)";
				SWIFT_EMIT_LOC_STRINGS = YES;
				SWIFT_VERSION = 5.0;
				TARGETED_DEVICE_FAMILY = "1,2";
			};
			name = Release;
		};
/* End XCBuildConfiguration section */

/* Begin XCConfigurationList section */
		B8E747B929D05AB700A50A3A /* Build configuration list for PBXProject "swiftui-pokemon-app-mvvm" */ = {
			isa = XCConfigurationList;
			buildConfigurations = (
				B8E747CA29D05AB800A50A3A /* Debug */,
				B8E747CB29D05AB800A50A3A /* Release */,
			);
			defaultConfigurationIsVisible = 0;
			defaultConfigurationName = Release;
		};
		B8E747CC29D05AB800A50A3A /* Build configuration list for PBXNativeTarget "swiftui-pokemon-app-mvvm" */ = {
			isa = XCConfigurationList;
			buildConfigurations = (
				B8E747CD29D05AB800A50A3A /* Debug */,
				B8E747CE29D05AB800A50A3A /* Release */,
			);
			defaultConfigurationIsVisible = 0;
			defaultConfigurationName = Release;
		};
/* End XCConfigurationList section */
	};
	rootObject = B8E747B629D05AB700A50A3A /* Project object */;
}
